{
  "version": 4,
  "terraform_version": "1.8.2",
  "serial": 5,
  "lineage": "232cf43f-91fa-7adf-b0b8-b1b1a7a3701e",
  "outputs": {},
  "resources": [
    {
      "mode": "data",
      "type": "google_project",
      "name": "project",
      "provider": "provider[\"registry.terraform.io/hashicorp/google\"]",
      "instances": [
        {
          "schema_version": 0,
          "attributes": {
            "auto_create_network": null,
            "billing_account": "017ABC-41E04C-CBA00E",
            "effective_labels": {},
            "folder_id": "95008806853",
            "id": "projects/code-zero-zem",
            "labels": {},
            "name": "code-zero",
            "number": "395730360492",
            "org_id": "",
            "project_id": "code-zero-zem",
            "skip_delete": null,
            "terraform_labels": {}
          },
          "sensitive_attributes": []
        }
      ]
    },
    {
      "mode": "managed",
      "type": "google_project_iam_member",
      "name": "default",
      "provider": "provider[\"registry.terraform.io/hashicorp/google\"]",
      "instances": [
        {
          "schema_version": 0,
          "attributes": {
            "condition": [],
            "etag": "BwYXUcFv/MQ=",
            "id": "code-zero-zem/roles/cloudkms.cryptoKeyEncrypterDecrypter/serviceAccount:service-395730360492@gs-project-accounts.iam.gserviceaccount.com",
            "member": "serviceAccount:service-395730360492@gs-project-accounts.iam.gserviceaccount.com",
            "project": "code-zero-zem",
            "role": "roles/cloudkms.cryptoKeyEncrypterDecrypter"
          },
          "sensitive_attributes": [],
          "private": "bnVsbA==",
          "dependencies": [
            "data.google_project.project"
          ]
        }
      ]
    },
    {
      "mode": "managed",
      "type": "random_id",
      "name": "bucket_prefix",
      "provider": "provider[\"registry.terraform.io/hashicorp/random\"]",
      "instances": [
        {
          "schema_version": 0,
          "attributes": {
            "b64_std": "59mk1PNhjQg=",
            "b64_url": "59mk1PNhjQg",
            "byte_length": 8,
            "dec": "16706565527230844168",
            "hex": "e7d9a4d4f3618d08",
            "id": "59mk1PNhjQg",
            "keepers": null,
            "prefix": null
          },
          "sensitive_attributes": []
        }
      ]
    }
  ],
  "check_results": null
}
