{
  "version": 4,
  "terraform_version": "1.7.1",
  "serial": 53,
  "lineage": "d5345674-6397-28b3-51e7-d642189b4690",
  "outputs": {},
  "resources": [
    {
      "mode": "data",
      "type": "google_project",
      "name": "project",
      "provider": "provider[\"registry.opentofu.org/hashicorp/google\"]",
      "instances": [
        {
          "schema_version": 0,
          "attributes": {
            "auto_create_network": null,
            "billing_account": "017ABC-41E04C-CBA00E",
            "effective_labels": {},
            "folder_id": "",
            "id": "projects/power-hub-423312",
            "labels": {},
            "name": "power-hub",
            "number": "539024501021",
            "org_id": "478011111237",
            "project_id": "power-hub-423312",
            "skip_delete": null,
            "terraform_labels": {}
          },
          "sensitive_attributes": []
        }
      ]
    },
    {
      "mode": "managed",
      "type": "google_project_iam_member",
      "name": "default",
      "provider": "provider[\"registry.opentofu.org/hashicorp/google\"]",
      "instances": [
        {
          "schema_version": 0,
          "attributes": {
            "condition": [],
            "etag": "BwYYkhK/k7k=",
            "id": "power-hub-423312/roles/cloudkms.cryptoKeyEncrypterDecrypter/serviceAccount:service-539024501021@gs-project-accounts.iam.gserviceaccount.com",
            "member": "serviceAccount:service-539024501021@gs-project-accounts.iam.gserviceaccount.com",
            "project": "power-hub-423312",
            "role": "roles/cloudkms.cryptoKeyEncrypterDecrypter"
          },
          "sensitive_attributes": [],
          "private": "bnVsbA==",
          "dependencies": [
            "data.google_project.project",
            "google_project_service.composer_api"
          ]
        }
      ]
    },
    {
      "mode": "managed",
      "type": "google_project_service",
      "name": "composer_api",
      "provider": "provider[\"registry.opentofu.org/hashicorp/google\"]",
      "instances": [
        {
          "schema_version": 0,
          "attributes": {
            "disable_dependent_services": null,
            "disable_on_destroy": true,
            "id": "power-hub-423312/composer.googleapis.com",
            "project": "power-hub-423312",
            "service": "composer.googleapis.com",
            "timeouts": null
          },
          "sensitive_attributes": [],
          "private": "eyJlMmJmYjczMC1lY2FhLTExZTYtOGY4OC0zNDM2M2JjN2M0YzAiOnsiY3JlYXRlIjoxMjAwMDAwMDAwMDAwLCJkZWxldGUiOjEyMDAwMDAwMDAwMDAsInJlYWQiOjYwMDAwMDAwMDAwMCwidXBkYXRlIjoxMjAwMDAwMDAwMDAwfX0="
        }
      ]
    },
    {
      "mode": "managed",
      "type": "google_project_service",
      "name": "service_usage_api",
      "provider": "provider[\"registry.opentofu.org/hashicorp/google\"]",
      "instances": [
        {
          "schema_version": 0,
          "attributes": {
            "disable_dependent_services": null,
            "disable_on_destroy": true,
            "id": "power-hub-423312/serviceusage.googleapis.com",
            "project": "power-hub-423312",
            "service": "serviceusage.googleapis.com",
            "timeouts": null
          },
          "sensitive_attributes": [],
          "private": "eyJlMmJmYjczMC1lY2FhLTExZTYtOGY4OC0zNDM2M2JjN2M0YzAiOnsiY3JlYXRlIjoxMjAwMDAwMDAwMDAwLCJkZWxldGUiOjEyMDAwMDAwMDAwMDAsInJlYWQiOjYwMDAwMDAwMDAwMCwidXBkYXRlIjoxMjAwMDAwMDAwMDAwfX0="
        }
      ]
    }
  ],
  "check_results": null
}
